
Microsoft Visual Studio Solution File, Format Version 12.00
# Visual Studio Version 17
VisualStudioVersion = 17.7.34031.279
MinimumVisualStudioVersion = 10.0.40219.1
Project("{FAE04EC0-301F-11D3-BF4B-00C04F79EFBC}") = "WordSearch.Tests", "WordSearch.Tests\WordSearch.Tests.csproj", "{8E5EF4C1-AABF-48E3-87D3-CB99D87A32DD}"
EndProject
Project("{FAE04EC0-301F-11D3-BF4B-00C04F79EFBC}") = "WordSearchEngine", "WordSearchEngine\WordSearchEngine.csproj", "{113B6AC7-C810-446B-BE09-A4D935540EB9}"
EndProject
Global
	GlobalSection(SolutionConfigurationPlatforms) = preSolution
		Debug|Any CPU = Debug|Any CPU
		Release|Any CPU = Release|Any CPU
	EndGlobalSection
	GlobalSection(ProjectConfigurationPlatforms) = postSolution
		{8E5EF4C1-AABF-48E3-87D3-CB99D87A32DD}.Debug|Any CPU.ActiveCfg = Debug|Any CPU
		{8E5EF4C1-AABF-48E3-87D3-CB99D87A32DD}.Debug|Any CPU.Build.0 = Debug|Any CPU
		{8E5EF4C1-AABF-48E3-87D3-CB99D87A32DD}.Release|Any CPU.ActiveCfg = Release|Any CPU
		{8E5EF4C1-AABF-48E3-87D3-CB99D87A32DD}.Release|Any CPU.Build.0 = Release|Any CPU
		{113B6AC7-C810-446B-BE09-A4D935540EB9}.Debug|Any CPU.ActiveCfg = Debug|Any CPU
		{113B6AC7-C810-446B-BE09-A4D935540EB9}.Debug|Any CPU.Build.0 = Debug|Any CPU
		{113B6AC7-C810-446B-BE09-A4D935540EB9}.Release|Any CPU.ActiveCfg = Release|Any CPU
		{113B6AC7-C810-446B-BE09-A4D935540EB9}.Release|Any CPU.Build.0 = Release|Any CPU
	EndGlobalSection
	GlobalSection(SolutionProperties) = preSolution
		HideSolutionNode = FALSE
	EndGlobalSection
	GlobalSection(ExtensibilityGlobals) = postSolution
		SolutionGuid = {643DA8E1-58DF-4E32-9BC2-4282AD20F9C5}
	EndGlobalSection
EndGlobal
